{
  "name": "adventofcode2022",
  "version": "1.0.0",
  "lockfileVersion": 2,
  "requires": true,
  "packages": {
    "": {
      "name": "adventofcode2022",
      "version": "1.0.0",
      "license": "ISC",
      "dependencies": {
        "dequeue": "^1.0.5",
        "double-ended-queue": "^2.1.0-0"
      }
    },
    "node_modules/dequeue": {
      "version": "1.0.5",
      "resolved": "https://registry.npmjs.org/dequeue/-/dequeue-1.0.5.tgz",
      "integrity": "sha512-2FIVJZTaWhUj0Y2uKmDAasTP6ZwFWRjkRc01MYN5jFm96iIzkYyNzGADfJ13C5W7CTN7XO9mBYDcVB68eNybBA==",
      "engines": {
        "node": "*"
      }
    },
    "node_modules/double-ended-queue": {
      "version": "2.1.0-0",
      "resolved": "https://registry.npmjs.org/double-ended-queue/-/double-ended-queue-2.1.0-0.tgz",
      "integrity": "sha512-+BNfZ+deCo8hMNpDqDnvT+c0XpJ5cUa6mqYq89bho2Ifze4URTqRkcwR399hWoTrTkbZ/XJYDgP6rc7pRgffEQ=="
    }
  },
  "dependencies": {
    "dequeue": {
      "version": "1.0.5",
      "resolved": "https://registry.npmjs.org/dequeue/-/dequeue-1.0.5.tgz",
      "integrity": "sha512-2FIVJZTaWhUj0Y2uKmDAasTP6ZwFWRjkRc01MYN5jFm96iIzkYyNzGADfJ13C5W7CTN7XO9mBYDcVB68eNybBA=="
    },
    "double-ended-queue": {
      "version": "2.1.0-0",
      "resolved": "https://registry.npmjs.org/double-ended-queue/-/double-ended-queue-2.1.0-0.tgz",
      "integrity": "sha512-+BNfZ+deCo8hMNpDqDnvT+c0XpJ5cUa6mqYq89bho2Ifze4URTqRkcwR399hWoTrTkbZ/XJYDgP6rc7pRgffEQ=="
    }
  }
}
